{
  "name": "binder",
  "version": "1.0.0",
  "lockfileVersion": 2,
  "requires": true,
  "packages": {
    "": {
      "name": "binder",
      "version": "1.0.0",
      "dependencies": {
        "lightbox2": "^2.11.4"
      },
      "devDependencies": {
        "@prettier/plugin-ruby": "^1.6.1",
        "prettier": "^2.8.8",
        "prettier-plugin-erb": "^0.4.0"
      }
    },
    "node_modules/@prettier/plugin-ruby": {
      "version": "1.6.1",
      "dev": true,
      "license": "MIT",
      "dependencies": {
        "prettier": ">=1.10"
      }
    },
    "node_modules/lightbox2": {
      "version": "2.11.4"
    },
    "node_modules/prettier": {
      "version": "2.8.8",
      "resolved": "https://registry.npmjs.org/prettier/-/prettier-2.8.8.tgz",
      "integrity": "sha512-tdN8qQGvNjw4CHbY+XXk0JgCXn9QiF21a55rBe5LJAU+kDyC4WQn4+awm2Xfk2lQMk5fKup9XgzTZtGkjBdP9Q==",
      "dev": true,
      "bin": {
        "prettier": "bin-prettier.js"
      },
      "engines": {
        "node": ">=10.13.0"
      },
      "funding": {
        "url": "https://github.com/prettier/prettier?sponsor=1"
      }
    },
    "node_modules/prettier-html-templates": {
      "version": "0.1.0",
      "dev": true,
      "license": "MIT",
      "peerDependencies": {
        "prettier": "^2.0.0"
      }
    },
    "node_modules/prettier-plugin-erb": {
      "version": "0.4.0",
      "dev": true,
      "license": "MIT",
      "dependencies": {
        "prettier-html-templates": "^0.1.0"
      },
      "peerDependencies": {
        "@prettier/plugin-ruby": "^1.0.0",
        "prettier": ">=2.0.0 <2.3"
      }
    }
  },
  "dependencies": {
    "@prettier/plugin-ruby": {
      "version": "1.6.1",
      "dev": true,
      "requires": {
        "prettier": ">=1.10"
      }
    },
    "lightbox2": {
      "version": "2.11.4"
    },
    "prettier": {
      "version": "2.8.8",
      "resolved": "https://registry.npmjs.org/prettier/-/prettier-2.8.8.tgz",
      "integrity": "sha512-tdN8qQGvNjw4CHbY+XXk0JgCXn9QiF21a55rBe5LJAU+kDyC4WQn4+awm2Xfk2lQMk5fKup9XgzTZtGkjBdP9Q==",
      "dev": true
    },
    "prettier-html-templates": {
      "version": "0.1.0",
      "dev": true
    },
    "prettier-plugin-erb": {
      "version": "0.4.0",
      "dev": true,
      "requires": {
        "prettier-html-templates": "^0.1.0"
      }
    }
  }
}
