{
  "name": "binder",
  "version": "1.0.0",
  "lockfileVersion": 2,
  "requires": true,
  "packages": {
    "": {
      "name": "binder",
      "version": "1.0.0",
      "dependencies": {
        "lightbox2": "^2.11.4"
      },
      "devDependencies": {
        "@4az/prettier-plugin-html-erb": "^0.0.7",
        "@prettier/plugin-ruby": "^4.0.0",
        "prettier": "^3.8.1"
      }
    },
    "node_modules/@4az/prettier-plugin-html-erb": {
      "version": "0.0.7",
      "resolved": "https://registry.npmjs.org/@4az/prettier-plugin-html-erb/-/prettier-plugin-html-erb-0.0.7.tgz",
      "integrity": "sha512-R5Y7/y+6W5A742NXg9HtWjxDF2Gblo62RO6+mLyusO3DJYr4Z/DfJVP+ol/QLMvGKGw75SY5Iq8i9/niJXrNPg==",
      "dev": true,
      "peerDependencies": {
        "@prettier/plugin-ruby": "^4.0.0",
        "prettier": "^3.0.0"
      }
    },
    "node_modules/@prettier/plugin-ruby": {
      "version": "4.0.4",
      "resolved": "https://registry.npmjs.org/@prettier/plugin-ruby/-/plugin-ruby-4.0.4.tgz",
      "integrity": "sha512-lCpvfS/dQU5WrwN3AQ5vR8qrvj2h5gE41X08NNzAAXvHdM4zwwGRcP2sHSxfu6n6No+ljWCVx95NvJPFTTjCTg==",
      "dev": true,
      "peerDependencies": {
        "prettier": "^3.0.0"
      }
    },
    "node_modules/lightbox2": {
      "version": "2.11.4"
    },
    "node_modules/prettier": {
      "version": "3.8.1",
      "resolved": "https://registry.npmjs.org/prettier/-/prettier-3.8.1.tgz",
      "integrity": "sha512-UOnG6LftzbdaHZcKoPFtOcCKztrQ57WkHDeRD9t/PTQtmT0NHSeWWepj6pS0z/N7+08BHFDQVUrfmfMRcZwbMg==",
      "dev": true,
      "bin": {
        "prettier": "bin/prettier.cjs"
      },
      "engines": {
        "node": ">=14"
      },
      "funding": {
        "url": "https://github.com/prettier/prettier?sponsor=1"
      }
    }
  },
  "dependencies": {
    "@4az/prettier-plugin-html-erb": {
      "version": "0.0.7",
      "resolved": "https://registry.npmjs.org/@4az/prettier-plugin-html-erb/-/prettier-plugin-html-erb-0.0.7.tgz",
      "integrity": "sha512-R5Y7/y+6W5A742NXg9HtWjxDF2Gblo62RO6+mLyusO3DJYr4Z/DfJVP+ol/QLMvGKGw75SY5Iq8i9/niJXrNPg==",
      "dev": true
    },
    "@prettier/plugin-ruby": {
      "version": "4.0.4",
      "resolved": "https://registry.npmjs.org/@prettier/plugin-ruby/-/plugin-ruby-4.0.4.tgz",
      "integrity": "sha512-lCpvfS/dQU5WrwN3AQ5vR8qrvj2h5gE41X08NNzAAXvHdM4zwwGRcP2sHSxfu6n6No+ljWCVx95NvJPFTTjCTg==",
      "dev": true
    },
    "lightbox2": {
      "version": "2.11.4"
    },
    "prettier": {
      "version": "3.8.1",
      "resolved": "https://registry.npmjs.org/prettier/-/prettier-3.8.1.tgz",
      "integrity": "sha512-UOnG6LftzbdaHZcKoPFtOcCKztrQ57WkHDeRD9t/PTQtmT0NHSeWWepj6pS0z/N7+08BHFDQVUrfmfMRcZwbMg==",
      "dev": true
    }
  }
}
